// !$*UTF8*$!
{
	archiveVersion = 1;
	classes = {
	};
	objectVersion = 50;
	objects = {

/* Begin PBXBuildFile section */
		301A57A220B93BC900A87DF9 /* AppDelegate.swift in Sources */ = {isa = PBXBuildFile; fileRef = 301A57A120B93BC900A87DF9 /* AppDelegate.swift */; };
		301A57A420B93BC900A87DF9 /* ViewController.swift in Sources */ = {isa = PBXBuildFile; fileRef = 301A57A320B93BC900A87DF9 /* ViewController.swift */; };
		301A57A720B93BC900A87DF9 /* Main.storyboard in Resources */ = {isa = PBXBuildFile; fileRef = 301A57A520B93BC900A87DF9 /* Main.storyboard */; };
		301A57A920B93BCA00A87DF9 /* Assets.xcassets in Resources */ = {isa = PBXBuildFile; fileRef = 301A57A820B93BCA00A87DF9 /* Assets.xcassets */; };
		301A57AC20B93BCA00A87DF9 /* LaunchScreen.storyboard in Resources */ = {isa = PBXBuildFile; fileRef = 301A57AA20B93BCA00A87DF9 /* LaunchScreen.storyboard */; };
		301A57B720B93BCA00A87DF9 /* RescopTests.swift in Sources */ = {isa = PBXBuildFile; fileRef = 301A57B620B93BCA00A87DF9 /* RescopTests.swift */; };
		301A57C220B93BCA00A87DF9 /* RescopUITests.swift in Sources */ = {isa = PBXBuildFile; fileRef = 301A57C120B93BCA00A87DF9 /* RescopUITests.swift */; };
		301A57D120B93BF000A87DF9 /* CoreML.framework in Frameworks */ = {isa = PBXBuildFile; fileRef = 301A57D020B93BEF00A87DF9 /* CoreML.framework */; };
		301A57D520B9404500A87DF9 /* Vision.framework in Frameworks */ = {isa = PBXBuildFile; fileRef = 301A57D420B9404500A87DF9 /* Vision.framework */; };
		301A57DA20B9412F00A87DF9 /* Rescop_986748137.mlmodel in Sources */ = {isa = PBXBuildFile; fileRef = 301A57D920B9412F00A87DF9 /* Rescop_986748137.mlmodel */; };
		301A57DC20B94A1000A87DF9 /* StartViewController.swift in Sources */ = {isa = PBXBuildFile; fileRef = 301A57DB20B94A1000A87DF9 /* StartViewController.swift */; };
		301A57DE20B9552000A87DF9 /* MapViewController.swift in Sources */ = {isa = PBXBuildFile; fileRef = 301A57DD20B9552000A87DF9 /* MapViewController.swift */; };
		301A57E020B9557900A87DF9 /* ListViewController.swift in Sources */ = {isa = PBXBuildFile; fileRef = 301A57DF20B9557900A87DF9 /* ListViewController.swift */; };
		301A57E220B9599E00A87DF9 /* Datastore.swift in Sources */ = {isa = PBXBuildFile; fileRef = 301A57E120B9599E00A87DF9 /* Datastore.swift */; };
		301A57E420B9657200A87DF9 /* PosMatchViewController.swift in Sources */ = {isa = PBXBuildFile; fileRef = 301A57E320B9657200A87DF9 /* PosMatchViewController.swift */; };
		301A57E620B96BEA00A87DF9 /* NegMatchViewConttroller.swift in Sources */ = {isa = PBXBuildFile; fileRef = 301A57E520B96BEA00A87DF9 /* NegMatchViewConttroller.swift */; };
		301A57E820B96DE500A87DF9 /* ImageViewCell.swift in Sources */ = {isa = PBXBuildFile; fileRef = 301A57E720B96DE500A87DF9 /* ImageViewCell.swift */; };
/* End PBXBuildFile section */

/* Begin PBXContainerItemProxy section */
		301A57B320B93BCA00A87DF9 /* PBXContainerItemProxy */ = {
			isa = PBXContainerItemProxy;
			containerPortal = 301A579620B93BC900A87DF9 /* Project object */;
			proxyType = 1;
			remoteGlobalIDString = 301A579D20B93BC900A87DF9;
			remoteInfo = Rescop;
		};
		301A57BE20B93BCA00A87DF9 /* PBXContainerItemProxy */ = {
			isa = PBXContainerItemProxy;
			containerPortal = 301A579620B93BC900A87DF9 /* Project object */;
			proxyType = 1;
			remoteGlobalIDString = 301A579D20B93BC900A87DF9;
			remoteInfo = Rescop;
		};
/* End PBXContainerItemProxy section */

/* Begin PBXFileReference section */
		301A579E20B93BC900A87DF9 /* Rescop.app */ = {isa = PBXFileReference; explicitFileType = wrapper.application; includeInIndex = 0; path = Rescop.app; sourceTree = BUILT_PRODUCTS_DIR; };
		301A57A120B93BC900A87DF9 /* AppDelegate.swift */ = {isa = PBXFileReference; lastKnownFileType = sourcecode.swift; path = AppDelegate.swift; sourceTree = "<group>"; };
		301A57A320B93BC900A87DF9 /* ViewController.swift */ = {isa = PBXFileReference; lastKnownFileType = sourcecode.swift; path = ViewController.swift; sourceTree = "<group>"; };
		301A57A620B93BC900A87DF9 /* Base */ = {isa = PBXFileReference; lastKnownFileType = file.storyboard; name = Base; path = Base.lproj/Main.storyboard; sourceTree = "<group>"; };
		301A57A820B93BCA00A87DF9 /* Assets.xcassets */ = {isa = PBXFileReference; lastKnownFileType = folder.assetcatalog; path = Assets.xcassets; sourceTree = "<group>"; };
		301A57AB20B93BCA00A87DF9 /* Base */ = {isa = PBXFileReference; lastKnownFileType = file.storyboard; name = Base; path = Base.lproj/LaunchScreen.storyboard; sourceTree = "<group>"; };
		301A57AD20B93BCA00A87DF9 /* Info.plist */ = {isa = PBXFileReference; lastKnownFileType = text.plist.xml; path = Info.plist; sourceTree = "<group>"; };
		301A57B220B93BCA00A87DF9 /* RescopTests.xctest */ = {isa = PBXFileReference; explicitFileType = wrapper.cfbundle; includeInIndex = 0; path = RescopTests.xctest; sourceTree = BUILT_PRODUCTS_DIR; };
		301A57B620B93BCA00A87DF9 /* RescopTests.swift */ = {isa = PBXFileReference; lastKnownFileType = sourcecode.swift; path = RescopTests.swift; sourceTree = "<group>"; };
		301A57B820B93BCA00A87DF9 /* Info.plist */ = {isa = PBXFileReference; lastKnownFileType = text.plist.xml; path = Info.plist; sourceTree = "<group>"; };
		301A57BD20B93BCA00A87DF9 /* RescopUITests.xctest */ = {isa = PBXFileReference; explicitFileType = wrapper.cfbundle; includeInIndex = 0; path = RescopUITests.xctest; sourceTree = BUILT_PRODUCTS_DIR; };
		301A57C120B93BCA00A87DF9 /* RescopUITests.swift */ = {isa = PBXFileReference; lastKnownFileType = sourcecode.swift; path = RescopUITests.swift; sourceTree = "<group>"; };
		301A57C320B93BCA00A87DF9 /* Info.plist */ = {isa = PBXFileReference; lastKnownFileType = text.plist.xml; path = Info.plist; sourceTree = "<group>"; };
		301A57D020B93BEF00A87DF9 /* CoreML.framework */ = {isa = PBXFileReference; lastKnownFileType = wrapper.framework; name = CoreML.framework; path = System/Library/Frameworks/CoreML.framework; sourceTree = SDKROOT; };
		301A57D220B93E1F00A87DF9 /* Lumina.framework */ = {isa = PBXFileReference; lastKnownFileType = wrapper.framework; name = Lumina.framework; path = Carthage/Build/iOS/Lumina.framework; sourceTree = "<group>"; };
		301A57D420B9404500A87DF9 /* Vision.framework */ = {isa = PBXFileReference; lastKnownFileType = wrapper.framework; name = Vision.framework; path = System/Library/Frameworks/Vision.framework; sourceTree = SDKROOT; };
		301A57D920B9412F00A87DF9 /* Rescop_986748137.mlmodel */ = {isa = PBXFileReference; lastKnownFileType = file.mlmodel; path = Rescop_986748137.mlmodel; sourceTree = "<group>"; };
		301A57DB20B94A1000A87DF9 /* StartViewController.swift */ = {isa = PBXFileReference; lastKnownFileType = sourcecode.swift; path = StartViewController.swift; sourceTree = "<group>"; };
		301A57DD20B9552000A87DF9 /* MapViewController.swift */ = {isa = PBXFileReference; lastKnownFileType = sourcecode.swift; path = MapViewController.swift; sourceTree = "<group>"; };
		301A57DF20B9557900A87DF9 /* ListViewController.swift */ = {isa = PBXFileReference; lastKnownFileType = sourcecode.swift; path = ListViewController.swift; sourceTree = "<group>"; };
		301A57E120B9599E00A87DF9 /* Datastore.swift */ = {isa = PBXFileReference; lastKnownFileType = sourcecode.swift; path = Datastore.swift; sourceTree = "<group>"; };
		301A57E320B9657200A87DF9 /* PosMatchViewController.swift */ = {isa = PBXFileReference; lastKnownFileType = sourcecode.swift; path = PosMatchViewController.swift; sourceTree = "<group>"; };
		301A57E520B96BEA00A87DF9 /* NegMatchViewConttroller.swift */ = {isa = PBXFileReference; lastKnownFileType = sourcecode.swift; path = NegMatchViewConttroller.swift; sourceTree = "<group>"; };
		301A57E720B96DE500A87DF9 /* ImageViewCell.swift */ = {isa = PBXFileReference; lastKnownFileType = sourcecode.swift; path = ImageViewCell.swift; sourceTree = "<group>"; };
/* End PBXFileReference section */

/* Begin PBXFrameworksBuildPhase section */
		301A579B20B93BC900A87DF9 /* Frameworks */ = {
			isa = PBXFrameworksBuildPhase;
			buildActionMask = 2147483647;
			files = (
				301A57D520B9404500A87DF9 /* Vision.framework in Frameworks */,
				301A57D120B93BF000A87DF9 /* CoreML.framework in Frameworks */,
			);
			runOnlyForDeploymentPostprocessing = 0;
		};
		301A57AF20B93BCA00A87DF9 /* Frameworks */ = {
			isa = PBXFrameworksBuildPhase;
			buildActionMask = 2147483647;
			files = (
			);
			runOnlyForDeploymentPostprocessing = 0;
		};
		301A57BA20B93BCA00A87DF9 /* Frameworks */ = {
			isa = PBXFrameworksBuildPhase;
			buildActionMask = 2147483647;
			files = (
			);
			runOnlyForDeploymentPostprocessing = 0;
		};
/* End PBXFrameworksBuildPhase section */

/* Begin PBXGroup section */
		301A579520B93BC900A87DF9 = {
			isa = PBXGroup;
			children = (
				301A57A020B93BC900A87DF9 /* Rescop */,
				301A57B520B93BCA00A87DF9 /* RescopTests */,
				301A57C020B93BCA00A87DF9 /* RescopUITests */,
				301A579F20B93BC900A87DF9 /* Products */,
				301A57CF20B93BEF00A87DF9 /* Frameworks */,
			);
			sourceTree = "<group>";
		};
		301A579F20B93BC900A87DF9 /* Products */ = {
			isa = PBXGroup;
			children = (
				301A579E20B93BC900A87DF9 /* Rescop.app */,
				301A57B220B93BCA00A87DF9 /* RescopTests.xctest */,
				301A57BD20B93BCA00A87DF9 /* RescopUITests.xctest */,
			);
			name = Products;
			sourceTree = "<group>";
		};
		301A57A020B93BC900A87DF9 /* Rescop */ = {
			isa = PBXGroup;
			children = (
				301A57D820B9412100A87DF9 /* Resources */,
				301A57A120B93BC900A87DF9 /* AppDelegate.swift */,
				301A57A320B93BC900A87DF9 /* ViewController.swift */,
				301A57A520B93BC900A87DF9 /* Main.storyboard */,
				301A57A820B93BCA00A87DF9 /* Assets.xcassets */,
				301A57AA20B93BCA00A87DF9 /* LaunchScreen.storyboard */,
				301A57AD20B93BCA00A87DF9 /* Info.plist */,
				301A57DB20B94A1000A87DF9 /* StartViewController.swift */,
				301A57DD20B9552000A87DF9 /* MapViewController.swift */,
				301A57DF20B9557900A87DF9 /* ListViewController.swift */,
				301A57E120B9599E00A87DF9 /* Datastore.swift */,
				301A57E320B9657200A87DF9 /* PosMatchViewController.swift */,
				301A57E520B96BEA00A87DF9 /* NegMatchViewConttroller.swift */,
				301A57E720B96DE500A87DF9 /* ImageViewCell.swift */,
			);
			path = Rescop;
			sourceTree = "<group>";
		};
		301A57B520B93BCA00A87DF9 /* RescopTests */ = {
			isa = PBXGroup;
			children = (
				301A57B620B93BCA00A87DF9 /* RescopTests.swift */,
				301A57B820B93BCA00A87DF9 /* Info.plist */,
			);
			path = RescopTests;
			sourceTree = "<group>";
		};
		301A57C020B93BCA00A87DF9 /* RescopUITests */ = {
			isa = PBXGroup;
			children = (
				301A57C120B93BCA00A87DF9 /* RescopUITests.swift */,
				301A57C320B93BCA00A87DF9 /* Info.plist */,
			);
			path = RescopUITests;
			sourceTree = "<group>";
		};
		301A57CF20B93BEF00A87DF9 /* Frameworks */ = {
			isa = PBXGroup;
			children = (
				301A57D420B9404500A87DF9 /* Vision.framework */,
				301A57D220B93E1F00A87DF9 /* Lumina.framework */,
				301A57D020B93BEF00A87DF9 /* CoreML.framework */,
			);
			name = Frameworks;
			sourceTree = "<group>";
		};
		301A57D820B9412100A87DF9 /* Resources */ = {
			isa = PBXGroup;
			children = (
				301A57D920B9412F00A87DF9 /* Rescop_986748137.mlmodel */,
			);
			path = Resources;
			sourceTree = "<group>";
		};
/* End PBXGroup section */

/* Begin PBXNativeTarget section */
		301A579D20B93BC900A87DF9 /* Rescop */ = {
			isa = PBXNativeTarget;
			buildConfigurationList = 301A57C620B93BCA00A87DF9 /* Build configuration list for PBXNativeTarget "Rescop" */;
			buildPhases = (
				301A579A20B93BC900A87DF9 /* Sources */,
				301A579B20B93BC900A87DF9 /* Frameworks */,
				301A579C20B93BC900A87DF9 /* Resources */,
			);
			buildRules = (
			);
			dependencies = (
			);
			name = Rescop;
			productName = Rescop;
			productReference = 301A579E20B93BC900A87DF9 /* Rescop.app */;
			productType = "com.apple.product-type.application";
		};
		301A57B120B93BCA00A87DF9 /* RescopTests */ = {
			isa = PBXNativeTarget;
			buildConfigurationList = 301A57C920B93BCA00A87DF9 /* Build configuration list for PBXNativeTarget "RescopTests" */;
			buildPhases = (
				301A57AE20B93BCA00A87DF9 /* Sources */,
				301A57AF20B93BCA00A87DF9 /* Frameworks */,
				301A57B020B93BCA00A87DF9 /* Resources */,
			);
			buildRules = (
			);
			dependencies = (
				301A57B420B93BCA00A87DF9 /* PBXTargetDependency */,
			);
			name = RescopTests;
			productName = RescopTests;
			productReference = 301A57B220B93BCA00A87DF9 /* RescopTests.xctest */;
			productType = "com.apple.product-type.bundle.unit-test";
		};
		301A57BC20B93BCA00A87DF9 /* RescopUITests */ = {
			isa = PBXNativeTarget;
			buildConfigurationList = 301A57CC20B93BCA00A87DF9 /* Build configuration list for PBXNativeTarget "RescopUITests" */;
			buildPhases = (
				301A57B920B93BCA00A87DF9 /* Sources */,
				301A57BA20B93BCA00A87DF9 /* Frameworks */,
				301A57BB20B93BCA00A87DF9 /* Resources */,
			);
			buildRules = (
			);
			dependencies = (
				301A57BF20B93BCA00A87DF9 /* PBXTargetDependency */,
			);
			name = RescopUITests;
			productName = RescopUITests;
			productReference = 301A57BD20B93BCA00A87DF9 /* RescopUITests.xctest */;
			productType = "com.apple.product-type.bundle.ui-testing";
		};
/* End PBXNativeTarget section */

/* Begin PBXProject section */
		301A579620B93BC900A87DF9 /* Project object */ = {
			isa = PBXProject;
			attributes = {
				LastSwiftUpdateCheck = 0930;
				LastUpgradeCheck = 0930;
				ORGANIZATIONNAME = Webmobix;
				TargetAttributes = {
					301A579D20B93BC900A87DF9 = {
						CreatedOnToolsVersion = 9.3.1;
					};
					301A57B120B93BCA00A87DF9 = {
						CreatedOnToolsVersion = 9.3.1;
						TestTargetID = 301A579D20B93BC900A87DF9;
					};
					301A57BC20B93BCA00A87DF9 = {
						CreatedOnToolsVersion = 9.3.1;
						TestTargetID = 301A579D20B93BC900A87DF9;
					};
				};
			};
			buildConfigurationList = 301A579920B93BC900A87DF9 /* Build configuration list for PBXProject "Rescop" */;
			compatibilityVersion = "Xcode 9.3";
			developmentRegion = en;
			hasScannedForEncodings = 0;
			knownRegions = (
				en,
				Base,
			);
			mainGroup = 301A579520B93BC900A87DF9;
			productRefGroup = 301A579F20B93BC900A87DF9 /* Products */;
			projectDirPath = "";
			projectRoot = "";
			targets = (
				301A579D20B93BC900A87DF9 /* Rescop */,
				301A57B120B93BCA00A87DF9 /* RescopTests */,
				301A57BC20B93BCA00A87DF9 /* RescopUITests */,
			);
		};
/* End PBXProject section */

/* Begin PBXResourcesBuildPhase section */
		301A579C20B93BC900A87DF9 /* Resources */ = {
			isa = PBXResourcesBuildPhase;
			buildActionMask = 2147483647;
			files = (
				301A57AC20B93BCA00A87DF9 /* LaunchScreen.storyboard in Resources */,
				301A57A920B93BCA00A87DF9 /* Assets.xcassets in Resources */,
				301A57A720B93BC900A87DF9 /* Main.storyboard in Resources */,
			);
			runOnlyForDeploymentPostprocessing = 0;
		};
		301A57B020B93BCA00A87DF9 /* Resources */ = {
			isa = PBXResourcesBuildPhase;
			buildActionMask = 2147483647;
			files = (
			);
			runOnlyForDeploymentPostprocessing = 0;
		};
		301A57BB20B93BCA00A87DF9 /* Resources */ = {
			isa = PBXResourcesBuildPhase;
			buildActionMask = 2147483647;
			files = (
			);
			runOnlyForDeploymentPostprocessing = 0;
		};
/* End PBXResourcesBuildPhase section */

/* Begin PBXSourcesBuildPhase section */
		301A579A20B93BC900A87DF9 /* Sources */ = {
			isa = PBXSourcesBuildPhase;
			buildActionMask = 2147483647;
			files = (
				301A57DC20B94A1000A87DF9 /* StartViewController.swift in Sources */,
				301A57DE20B9552000A87DF9 /* MapViewController.swift in Sources */,
				301A57DA20B9412F00A87DF9 /* Rescop_986748137.mlmodel in Sources */,
				301A57A420B93BC900A87DF9 /* ViewController.swift in Sources */,
				301A57E220B9599E00A87DF9 /* Datastore.swift in Sources */,
				301A57E420B9657200A87DF9 /* PosMatchViewController.swift in Sources */,
				301A57E620B96BEA00A87DF9 /* NegMatchViewConttroller.swift in Sources */,
				301A57A220B93BC900A87DF9 /* AppDelegate.swift in Sources */,
				301A57E820B96DE500A87DF9 /* ImageViewCell.swift in Sources */,
				301A57E020B9557900A87DF9 /* ListViewController.swift in Sources */,
			);
			runOnlyForDeploymentPostprocessing = 0;
		};
		301A57AE20B93BCA00A87DF9 /* Sources */ = {
			isa = PBXSourcesBuildPhase;
			buildActionMask = 2147483647;
			files = (
				301A57B720B93BCA00A87DF9 /* RescopTests.swift in Sources */,
			);
			runOnlyForDeploymentPostprocessing = 0;
		};
		301A57B920B93BCA00A87DF9 /* Sources */ = {
			isa = PBXSourcesBuildPhase;
			buildActionMask = 2147483647;
			files = (
				301A57C220B93BCA00A87DF9 /* RescopUITests.swift in Sources */,
			);
			runOnlyForDeploymentPostprocessing = 0;
		};
/* End PBXSourcesBuildPhase section */

/* Begin PBXTargetDependency section */
		301A57B420B93BCA00A87DF9 /* PBXTargetDependency */ = {
			isa = PBXTargetDependency;
			target = 301A579D20B93BC900A87DF9 /* Rescop */;
			targetProxy = 301A57B320B93BCA00A87DF9 /* PBXContainerItemProxy */;
		};
		301A57BF20B93BCA00A87DF9 /* PBXTargetDependency */ = {
			isa = PBXTargetDependency;
			target = 301A579D20B93BC900A87DF9 /* Rescop */;
			targetProxy = 301A57BE20B93BCA00A87DF9 /* PBXContainerItemProxy */;
		};
/* End PBXTargetDependency section */

/* Begin PBXVariantGroup section */
		301A57A520B93BC900A87DF9 /* Main.storyboard */ = {
			isa = PBXVariantGroup;
			children = (
				301A57A620B93BC900A87DF9 /* Base */,
			);
			name = Main.storyboard;
			sourceTree = "<group>";
		};
		301A57AA20B93BCA00A87DF9 /* LaunchScreen.storyboard */ = {
			isa = PBXVariantGroup;
			children = (
				301A57AB20B93BCA00A87DF9 /* Base */,
			);
			name = LaunchScreen.storyboard;
			sourceTree = "<group>";
		};
/* End PBXVariantGroup section */

/* Begin XCBuildConfiguration section */
		301A57C420B93BCA00A87DF9 /* Debug */ = {
			isa = XCBuildConfiguration;
			buildSettings = {
				ALWAYS_SEARCH_USER_PATHS = NO;
				CLANG_ANALYZER_NONNULL = YES;
				CLANG_ANALYZER_NUMBER_OBJECT_CONVERSION = YES_AGGRESSIVE;
				CLANG_CXX_LANGUAGE_STANDARD = "gnu++14";
				CLANG_CXX_LIBRARY = "libc++";
				CLANG_ENABLE_MODULES = YES;
				CLANG_ENABLE_OBJC_ARC = YES;
				CLANG_ENABLE_OBJC_WEAK = YES;
				CLANG_WARN_BLOCK_CAPTURE_AUTORELEASING = YES;
				CLANG_WARN_BOOL_CONVERSION = YES;
				CLANG_WARN_COMMA = YES;
				CLANG_WARN_CONSTANT_CONVERSION = YES;
				CLANG_WARN_DEPRECATED_OBJC_IMPLEMENTATIONS = YES;
				CLANG_WARN_DIRECT_OBJC_ISA_USAGE = YES_ERROR;
				CLANG_WARN_DOCUMENTATION_COMMENTS = YES;
				CLANG_WARN_EMPTY_BODY = YES;
				CLANG_WARN_ENUM_CONVERSION = YES;
				CLANG_WARN_INFINITE_RECURSION = YES;
				CLANG_WARN_INT_CONVERSION = YES;
				CLANG_WARN_NON_LITERAL_NULL_CONVERSION = YES;
				CLANG_WARN_OBJC_IMPLICIT_RETAIN_SELF = YES;
				CLANG_WARN_OBJC_LITERAL_CONVERSION = YES;
				CLANG_WARN_OBJC_ROOT_CLASS = YES_ERROR;
				CLANG_WARN_RANGE_LOOP_ANALYSIS = YES;
				CLANG_WARN_STRICT_PROTOTYPES = YES;
				CLANG_WARN_SUSPICIOUS_MOVE = YES;
				CLANG_WARN_UNGUARDED_AVAILABILITY = YES_AGGRESSIVE;
				CLANG_WARN_UNREACHABLE_CODE = YES;
				CLANG_WARN__DUPLICATE_METHOD_MATCH = YES;
				CODE_SIGN_IDENTITY = "iPhone Developer";
				COPY_PHASE_STRIP = NO;
				DEBUG_INFORMATION_FORMAT = dwarf;
				ENABLE_STRICT_OBJC_MSGSEND = YES;
				ENABLE_TESTABILITY = YES;
				GCC_C_LANGUAGE_STANDARD = gnu11;
				GCC_DYNAMIC_NO_PIC = NO;
				GCC_NO_COMMON_BLOCKS = YES;
				GCC_OPTIMIZATION_LEVEL = 0;
				GCC_PREPROCESSOR_DEFINITIONS = (
					"DEBUG=1",
					"$(inherited)",
				);
				GCC_WARN_64_TO_32_BIT_CONVERSION = YES;
				GCC_WARN_ABOUT_RETURN_TYPE = YES_ERROR;
				GCC_WARN_UNDECLARED_SELECTOR = YES;
				GCC_WARN_UNINITIALIZED_AUTOS = YES_AGGRESSIVE;
				GCC_WARN_UNUSED_FUNCTION = YES;
				GCC_WARN_UNUSED_VARIABLE = YES;
				IPHONEOS_DEPLOYMENT_TARGET = 11.3;
				MTL_ENABLE_DEBUG_INFO = YES;
				ONLY_ACTIVE_ARCH = YES;
				SDKROOT = iphoneos;
				SWIFT_ACTIVE_COMPILATION_CONDITIONS = DEBUG;
				SWIFT_OPTIMIZATION_LEVEL = "-Onone";
			};
			name = Debug;
		};
		301A57C520B93BCA00A87DF9 /* Release */ = {
			isa = XCBuildConfiguration;
			buildSettings = {
				ALWAYS_SEARCH_USER_PATHS = NO;
				CLANG_ANALYZER_NONNULL = YES;
				CLANG_ANALYZER_NUMBER_OBJECT_CONVERSION = YES_AGGRESSIVE;
				CLANG_CXX_LANGUAGE_STANDARD = "gnu++14";
				CLANG_CXX_LIBRARY = "libc++";
				CLANG_ENABLE_MODULES = YES;
				CLANG_ENABLE_OBJC_ARC = YES;
				CLANG_ENABLE_OBJC_WEAK = YES;
				CLANG_WARN_BLOCK_CAPTURE_AUTORELEASING = YES;
				CLANG_WARN_BOOL_CONVERSION = YES;
				CLANG_WARN_COMMA = YES;
				CLANG_WARN_CONSTANT_CONVERSION = YES;
				CLANG_WARN_DEPRECATED_OBJC_IMPLEMENTATIONS = YES;
				CLANG_WARN_DIRECT_OBJC_ISA_USAGE = YES_ERROR;
				CLANG_WARN_DOCUMENTATION_COMMENTS = YES;
				CLANG_WARN_EMPTY_BODY = YES;
				CLANG_WARN_ENUM_CONVERSION = YES;
				CLANG_WARN_INFINITE_RECURSION = YES;
				CLANG_WARN_INT_CONVERSION = YES;
				CLANG_WARN_NON_LITERAL_NULL_CONVERSION = YES;
				CLANG_WARN_OBJC_IMPLICIT_RETAIN_SELF = YES;
				CLANG_WARN_OBJC_LITERAL_CONVERSION = YES;
				CLANG_WARN_OBJC_ROOT_CLASS = YES_ERROR;
				CLANG_WARN_RANGE_LOOP_ANALYSIS = YES;
				CLANG_WARN_STRICT_PROTOTYPES = YES;
				CLANG_WARN_SUSPICIOUS_MOVE = YES;
				CLANG_WARN_UNGUARDED_AVAILABILITY = YES_AGGRESSIVE;
				CLANG_WARN_UNREACHABLE_CODE = YES;
				CLANG_WARN__DUPLICATE_METHOD_MATCH = YES;
				CODE_SIGN_IDENTITY = "iPhone Developer";
				COPY_PHASE_STRIP = NO;
				DEBUG_INFORMATION_FORMAT = "dwarf-with-dsym";
				ENABLE_NS_ASSERTIONS = NO;
				ENABLE_STRICT_OBJC_MSGSEND = YES;
				GCC_C_LANGUAGE_STANDARD = gnu11;
				GCC_NO_COMMON_BLOCKS = YES;
				GCC_WARN_64_TO_32_BIT_CONVERSION = YES;
				GCC_WARN_ABOUT_RETURN_TYPE = YES_ERROR;
				GCC_WARN_UNDECLARED_SELECTOR = YES;
				GCC_WARN_UNINITIALIZED_AUTOS = YES_AGGRESSIVE;
				GCC_WARN_UNUSED_FUNCTION = YES;
				GCC_WARN_UNUSED_VARIABLE = YES;
				IPHONEOS_DEPLOYMENT_TARGET = 11.3;
				MTL_ENABLE_DEBUG_INFO = NO;
				SDKROOT = iphoneos;
				SWIFT_COMPILATION_MODE = wholemodule;
				SWIFT_OPTIMIZATION_LEVEL = "-O";
				VALIDATE_PRODUCT = YES;
			};
			name = Release;
		};
		301A57C720B93BCA00A87DF9 /* Debug */ = {
			isa = XCBuildConfiguration;
			buildSettings = {
				ASSETCATALOG_COMPILER_APPICON_NAME = AppIcon;
				CODE_SIGN_STYLE = Automatic;
				DEVELOPMENT_TEAM = MU588Y3T77;
				FRAMEWORK_SEARCH_PATHS = (
					"$(inherited)",
					"$(PROJECT_DIR)/Carthage/Build/iOS",
				);
				INFOPLIST_FILE = Rescop/Info.plist;
				LD_RUNPATH_SEARCH_PATHS = (
					"$(inherited)",
					"@executable_path/Frameworks",
				);
				PRODUCT_BUNDLE_IDENTIFIER = com.webmobix.Rescop;
				PRODUCT_NAME = "$(TARGET_NAME)";
				SWIFT_VERSION = 4.0;
				TARGETED_DEVICE_FAMILY = "1,2";
			};
			name = Debug;
		};
		301A57C820B93BCA00A87DF9 /* Release */ = {
			isa = XCBuildConfiguration;
			buildSettings = {
				ASSETCATALOG_COMPILER_APPICON_NAME = AppIcon;
				CODE_SIGN_STYLE = Automatic;
				DEVELOPMENT_TEAM = MU588Y3T77;
				FRAMEWORK_SEARCH_PATHS = (
					"$(inherited)",
					"$(PROJECT_DIR)/Carthage/Build/iOS",
				);
				INFOPLIST_FILE = Rescop/Info.plist;
				LD_RUNPATH_SEARCH_PATHS = (
					"$(inherited)",
					"@executable_path/Frameworks",
				);
				PRODUCT_BUNDLE_IDENTIFIER = com.webmobix.Rescop;
				PRODUCT_NAME = "$(TARGET_NAME)";
				SWIFT_VERSION = 4.0;
				TARGETED_DEVICE_FAMILY = "1,2";
			};
			name = Release;
		};
		301A57CA20B93BCA00A87DF9 /* Debug */ = {
			isa = XCBuildConfiguration;
			buildSettings = {
				ALWAYS_EMBED_SWIFT_STANDARD_LIBRARIES = YES;
				BUNDLE_LOADER = "$(TEST_HOST)";
				CODE_SIGN_STYLE = Automatic;
				DEVELOPMENT_TEAM = MU588Y3T77;
				INFOPLIST_FILE = RescopTests/Info.plist;
				LD_RUNPATH_SEARCH_PATHS = (
					"$(inherited)",
					"@executable_path/Frameworks",
					"@loader_path/Frameworks",
				);
				PRODUCT_BUNDLE_IDENTIFIER = com.webmobix.RescopTests;
				PRODUCT_NAME = "$(TARGET_NAME)";
				SWIFT_VERSION = 4.0;
				TARGETED_DEVICE_FAMILY = "1,2";
				TEST_HOST = "$(BUILT_PRODUCTS_DIR)/Rescop.app/Rescop";
			};
			name = Debug;
		};
		301A57CB20B93BCA00A87DF9 /* Release */ = {
			isa = XCBuildConfiguration;
			buildSettings = {
				ALWAYS_EMBED_SWIFT_STANDARD_LIBRARIES = YES;
				BUNDLE_LOADER = "$(TEST_HOST)";
				CODE_SIGN_STYLE = Automatic;
				DEVELOPMENT_TEAM = MU588Y3T77;
				INFOPLIST_FILE = RescopTests/Info.plist;
				LD_RUNPATH_SEARCH_PATHS = (
					"$(inherited)",
					"@executable_path/Frameworks",
					"@loader_path/Frameworks",
				);
				PRODUCT_BUNDLE_IDENTIFIER = com.webmobix.RescopTests;
				PRODUCT_NAME = "$(TARGET_NAME)";
				SWIFT_VERSION = 4.0;
				TARGETED_DEVICE_FAMILY = "1,2";
				TEST_HOST = "$(BUILT_PRODUCTS_DIR)/Rescop.app/Rescop";
			};
			name = Release;
		};
		301A57CD20B93BCA00A87DF9 /* Debug */ = {
			isa = XCBuildConfiguration;
			buildSettings = {
				ALWAYS_EMBED_SWIFT_STANDARD_LIBRARIES = YES;
				CODE_SIGN_STYLE = Automatic;
				DEVELOPMENT_TEAM = MU588Y3T77;
				INFOPLIST_FILE = RescopUITests/Info.plist;
				LD_RUNPATH_SEARCH_PATHS = (
					"$(inherited)",
					"@executable_path/Frameworks",
					"@loader_path/Frameworks",
				);
				PRODUCT_BUNDLE_IDENTIFIER = com.webmobix.RescopUITests;
				PRODUCT_NAME = "$(TARGET_NAME)";
				SWIFT_VERSION = 4.0;
				TARGETED_DEVICE_FAMILY = "1,2";
				TEST_TARGET_NAME = Rescop;
			};
			name = Debug;
		};
		301A57CE20B93BCA00A87DF9 /* Release */ = {
			isa = XCBuildConfiguration;
			buildSettings = {
				ALWAYS_EMBED_SWIFT_STANDARD_LIBRARIES = YES;
				CODE_SIGN_STYLE = Automatic;
				DEVELOPMENT_TEAM = MU588Y3T77;
				INFOPLIST_FILE = RescopUITests/Info.plist;
				LD_RUNPATH_SEARCH_PATHS = (
					"$(inherited)",
					"@executable_path/Frameworks",
					"@loader_path/Frameworks",
				);
				PRODUCT_BUNDLE_IDENTIFIER = com.webmobix.RescopUITests;
				PRODUCT_NAME = "$(TARGET_NAME)";
				SWIFT_VERSION = 4.0;
				TARGETED_DEVICE_FAMILY = "1,2";
				TEST_TARGET_NAME = Rescop;
			};
			name = Release;
		};
/* End XCBuildConfiguration section */

/* Begin XCConfigurationList section */
		301A579920B93BC900A87DF9 /* Build configuration list for PBXProject "Rescop" */ = {
			isa = XCConfigurationList;
			buildConfigurations = (
				301A57C420B93BCA00A87DF9 /* Debug */,
				301A57C520B93BCA00A87DF9 /* Release */,
			);
			defaultConfigurationIsVisible = 0;
			defaultConfigurationName = Release;
		};
		301A57C620B93BCA00A87DF9 /* Build configuration list for PBXNativeTarget "Rescop" */ = {
			isa = XCConfigurationList;
			buildConfigurations = (
				301A57C720B93BCA00A87DF9 /* Debug */,
				301A57C820B93BCA00A87DF9 /* Release */,
			);
			defaultConfigurationIsVisible = 0;
			defaultConfigurationName = Release;
		};
		301A57C920B93BCA00A87DF9 /* Build configuration list for PBXNativeTarget "RescopTests" */ = {
			isa = XCConfigurationList;
			buildConfigurations = (
				301A57CA20B93BCA00A87DF9 /* Debug */,
				301A57CB20B93BCA00A87DF9 /* Release */,
			);
			defaultConfigurationIsVisible = 0;
			defaultConfigurationName = Release;
		};
		301A57CC20B93BCA00A87DF9 /* Build configuration list for PBXNativeTarget "RescopUITests" */ = {
			isa = XCConfigurationList;
			buildConfigurations = (
				301A57CD20B93BCA00A87DF9 /* Debug */,
				301A57CE20B93BCA00A87DF9 /* Release */,
			);
			defaultConfigurationIsVisible = 0;
			defaultConfigurationName = Release;
		};
/* End XCConfigurationList section */
	};
	rootObject = 301A579620B93BC900A87DF9 /* Project object */;
}
